<?xml version="1.0" encoding="utf-8"?>
<Project ToolsVersion="4.0" xmlns="http://schemas.microsoft.com/developer/msbuild/2003">
  <ItemGroup>
    <Filter Include="Source Files">
      <UniqueIdentifier>{4FC737F1-C7A5-4376-A066-2A32D752A2FF}</UniqueIdentifier>
      <Extensions>cpp;c;cc;cxx;def;odl;idl;hpj;bat;asm;asmx</Extensions>
    </Filter>
    <Filter Include="Header Files">
      <UniqueIdentifier>{93995380-89BD-4b04-88EB-625FBE52EBFB}</UniqueIdentifier>
      <Extensions>h;hh;hpp;hxx;hm;inl;inc;xsd</Extensions>
    </Filter>
    <Filter Include="Resource Files">
      <UniqueIdentifier>{67DA6AB6-F800-4c08-8B7A-83BB121AAD01}</UniqueIdentifier>
      <Extensions>rc;ico;cur;bmp;dlg;rc2;rct;bin;rgs;gif;jpg;jpeg;jpe;resx;tiff;tif;png;wav;mfcribbon-ms</Extensions>
    </Filter>
  </ItemGroup>
  <ItemGroup>
    <Text Include="ReadMe.txt" />
  </ItemGroup>
  <ItemGroup>
    <ClInclude Include="Source\jconfig.h">
      <Filter>Header Files</Filter>
    </ClInclude>
    <ClInclude Include="Source\jdct.h">
      <Filter>Header Files</Filter>
    </ClInclude>
    <ClInclude Include="Source\jerror.h">
      <Filter>Header Files</Filter>
    </ClInclude>
    <ClInclude Include="Source\jinclude.h">
      <Filter>Header Files</Filter>
    </ClInclude>
    <ClInclude Include="Source\jmemsys.h">
      <Filter>Header Files</Filter>
    </ClInclude>
    <ClInclude Include="Source\jmorecfg.h">
      <Filter>Header Files</Filter>
    </ClInclude>
    <ClInclude Include="Source\jpegint.h">
      <Filter>Header Files</Filter>
    </ClInclude>
    <ClInclude Include="Source\jpeglib.h">
      <Filter>Header Files</Filter>
    </ClInclude>
    <ClInclude Include="Source\jversion.h">
      <Filter>Header Files</Filter>
    </ClInclude>
  </ItemGroup>
  <ItemGroup>
    <ClCompile Include="Source\jcparam.c">
      <Filter>Source Files</Filter>
    </ClCompile>
    <ClCompile Include="Source\jcprepct.c">
      <Filter>Source Files</Filter>
    </ClCompile>
    <ClCompile Include="Source\jcsample.c">
      <Filter>Source Files</Filter>
    </ClCompile>
    <ClCompile Include="Source\jctrans.c">
      <Filter>Source Files</Filter>
    </ClCompile>
    <ClCompile Include="Source\jdapimin.c">
      <Filter>Source Files</Filter>
    </ClCompile>
    <ClCompile Include="Source\jdapistd.c">
      <Filter>Source Files</Filter>
    </ClCompile>
    <ClCompile Include="Source\jdarith.c">
      <Filter>Source Files</Filter>
    </ClCompile>
    <ClCompile Include="Source\jdatadst.c">
      <Filter>Source Files</Filter>
    </ClCompile>
    <ClCompile Include="Source\jdatasrc.c">
      <Filter>Source Files</Filter>
    </ClCompile>
    <ClCompile Include="Source\jdcoefct.c">
      <Filter>Source Files</Filter>
    </ClCompile>
    <ClCompile Include="Source\jdcolor.c">
      <Filter>Source Files</Filter>
    </ClCompile>
    <ClCompile Include="Source\jddctmgr.c">
      <Filter>Source Files</Filter>
    </ClCompile>
    <ClCompile Include="Source\jdhuff.c">
      <Filter>Source Files</Filter>
    </ClCompile>
    <ClCompile Include="Source\jdinput.c">
      <Filter>Source Files</Filter>
    </ClCompile>
    <ClCompile Include="Source\jdmainct.c">
      <Filter>Source Files</Filter>
    </ClCompile>
    <ClCompile Include="Source\jdmarker.c">
      <Filter>Source Files</Filter>
    </ClCompile>
    <ClCompile Include="Source\jdmaster.c">
      <Filter>Source Files</Filter>
    </ClCompile>
    <ClCompile Include="Source\jdmerge.c">
      <Filter>Source Files</Filter>
    </ClCompile>
    <ClCompile Include="Source\jdpostct.c">
      <Filter>Source Files</Filter>
    </ClCompile>
    <ClCompile Include="Source\jdsample.c">
      <Filter>Source Files</Filter>
    </ClCompile>
    <ClCompile Include="Source\jdtrans.c">
      <Filter>Source Files</Filter>
    </ClCompile>
    <ClCompile Include="Source\jerror.c">
      <Filter>Source Files</Filter>
    </ClCompile>
    <ClCompile Include="Source\jfdctflt.c">
      <Filter>Source Files</Filter>
    </ClCompile>
    <ClCompile Include="Source\jfdctfst.c">
      <Filter>Source Files</Filter>
    </ClCompile>
    <ClCompile Include="Source\jfdctint.c">
      <Filter>Source Files</Filter>
    </ClCompile>
    <ClCompile Include="Source\jidctflt.c">
      <Filter>Source Files</Filter>
    </ClCompile>
    <ClCompile Include="Source\jidctfst.c">
      <Filter>Source Files</Filter>
    </ClCompile>
    <ClCompile Include="Source\jidctint.c">
      <Filter>Source Files</Filter>
    </ClCompile>
    <ClCompile Include="Source\jmemmgr.c">
      <Filter>Source Files</Filter>
    </ClCompile>
    <ClCompile Include="Source\jmemnobs.c">
      <Filter>Source Files</Filter>
    </ClCompile>
    <ClCompile Include="Source\jpegtran.c">
      <Filter>Source Files</Filter>
    </ClCompile>
    <ClCompile Include="Source\jquant1.c">
      <Filter>Source Files</Filter>
    </ClCompile>
    <ClCompile Include="Source\jquant2.c">
      <Filter>Source Files</Filter>
    </ClCompile>
    <ClCompile Include="Source\jutils.c">
      <Filter>Source Files</Filter>
    </ClCompile>
    <ClCompile Include="Source\jaricom.c">
      <Filter>Source Files</Filter>
    </ClCompile>
    <ClCompile Include="Source\jcapimin.c">
      <Filter>Source Files</Filter>
    </ClCompile>
    <ClCompile Include="Source\jcapistd.c">
      <Filter>Source Files</Filter>
    </ClCompile>
    <ClCompile Include="Source\jcarith.c">
      <Filter>Source Files</Filter>
    </ClCompile>
    <ClCompile Include="Source\jccoefct.c">
      <Filter>Source Files</Filter>
    </ClCompile>
    <ClCompile Include="Source\jccolor.c">
      <Filter>Source Files</Filter>
    </ClCompile>
    <ClCompile Include="Source\jcdctmgr.c">
      <Filter>Source Files</Filter>
    </ClCompile>
    <ClCompile Include="Source\jchuff.c">
      <Filter>Source Files</Filter>
    </ClCompile>
    <ClCompile Include="Source\jcinit.c">
      <Filter>Source Files</Filter>
    </ClCompile>
    <ClCompile Include="Source\jcmainct.c">
      <Filter>Source Files</Filter>
    </ClCompile>
    <ClCompile Include="Source\jcmarker.c">
      <Filter>Source Files</Filter>
    </ClCompile>
    <ClCompile Include="Source\jcmaster.c">
      <Filter>Source Files</Filter>
    </ClCompile>
    <ClCompile Include="Source\jcomapi.c">
      <Filter>Source Files</Filter>
    </ClCompile>
  </ItemGroup>
</Project>